
Microsoft Visual Studio Solution File, Format Version 9.00
# Visual Studio 2005
Project("{FAE04EC0-301F-11D3-BF4B-00C04F79EFBC}") = "MouseKeyboardHook", "MouseKeyboardHook\MouseKeyboardHook.csproj", "{AA701093-D08F-4D2C-8C3B-8840FA05DACE}"
EndProject
Project("{FAE04EC0-301F-11D3-BF4B-00C04F79EFBC}") = "TestApplication", "TestApplication\TestApplication.csproj", "{5488DFEE-54B2-43DB-A39F-3BD032E275B4}"
EndProject
Global
	GlobalSection(SolutionConfigurationPlatforms) = preSolution
		Debug|Any CPU = Debug|Any CPU
		Release|Any CPU = Release|Any CPU
	EndGlobalSection
	GlobalSection(ProjectConfigurationPlatforms) = postSolution
		{AA701093-D08F-4D2C-8C3B-8840FA05DACE}.Debug|Any CPU.ActiveCfg = Debug|Any CPU
		{AA701093-D08F-4D2C-8C3B-8840FA05DACE}.Debug|Any CPU.Build.0 = Debug|Any CPU
		{AA701093-D08F-4D2C-8C3B-8840FA05DACE}.Release|Any CPU.ActiveCfg = Release|Any CPU
		{AA701093-D08F-4D2C-8C3B-8840FA05DACE}.Release|Any CPU.Build.0 = Release|Any CPU
		{5488DFEE-54B2-43DB-A39F-3BD032E275B4}.Debug|Any CPU.ActiveCfg = Debug|Any CPU
		{5488DFEE-54B2-43DB-A39F-3BD032E275B4}.Debug|Any CPU.Build.0 = Debug|Any CPU
		{5488DFEE-54B2-43DB-A39F-3BD032E275B4}.Release|Any CPU.ActiveCfg = Release|Any CPU
		{5488DFEE-54B2-43DB-A39F-3BD032E275B4}.Release|Any CPU.Build.0 = Release|Any CPU
	EndGlobalSection
	GlobalSection(SolutionProperties) = preSolution
		HideSolutionNode = FALSE
	EndGlobalSection
EndGlobal
