
Microsoft Visual Studio Solution File, Format Version 12.00
# Visual Studio 14
VisualStudioVersion = 14.0.25123.0
MinimumVisualStudioVersion = 10.0.40219.1
Project("{FAE04EC0-301F-11D3-BF4B-00C04F79EFBC}") = "Kuheylan", "Kuheylan\Kuheylan.csproj", "{4C40363F-B1D5-4538-B1FA-9D59D5A2B104}"
EndProject
Project("{FAE04EC0-301F-11D3-BF4B-00C04F79EFBC}") = "KuheylanUserManager", "KuheylanUserManager\KuheylanUserManager.csproj", "{D9348EC9-40D1-46CF-A3C4-0EAE5B6227D4}"
EndProject
Global
	GlobalSection(SolutionConfigurationPlatforms) = preSolution
		Debug|Any CPU = Debug|Any CPU
		Release|Any CPU = Release|Any CPU
	EndGlobalSection
	GlobalSection(ProjectConfigurationPlatforms) = postSolution
		{4C40363F-B1D5-4538-B1FA-9D59D5A2B104}.Debug|Any CPU.ActiveCfg = Debug|Any CPU
		{4C40363F-B1D5-4538-B1FA-9D59D5A2B104}.Debug|Any CPU.Build.0 = Debug|Any CPU
		{4C40363F-B1D5-4538-B1FA-9D59D5A2B104}.Release|Any CPU.ActiveCfg = Release|Any CPU
		{4C40363F-B1D5-4538-B1FA-9D59D5A2B104}.Release|Any CPU.Build.0 = Release|Any CPU
		{D9348EC9-40D1-46CF-A3C4-0EAE5B6227D4}.Debug|Any CPU.ActiveCfg = Debug|Any CPU
		{D9348EC9-40D1-46CF-A3C4-0EAE5B6227D4}.Debug|Any CPU.Build.0 = Debug|Any CPU
		{D9348EC9-40D1-46CF-A3C4-0EAE5B6227D4}.Release|Any CPU.ActiveCfg = Release|Any CPU
		{D9348EC9-40D1-46CF-A3C4-0EAE5B6227D4}.Release|Any CPU.Build.0 = Release|Any CPU
	EndGlobalSection
	GlobalSection(SolutionProperties) = preSolution
		HideSolutionNode = FALSE
	EndGlobalSection
EndGlobal
